
Microsoft Visual Studio Solution File, Format Version 12.00
# Visual Studio 15
VisualStudioVersion = 15.0.26124.0
MinimumVisualStudioVersion = 15.0.26124.0
Project("{FAE04EC0-301F-11D3-BF4B-00C04F79EFBC}") = "ImageApi.Core", "Core\ImageApi.Core.csproj", "{FBDF1C73-5B86-4F67-9E04-821916074D51}"
EndProject
Project("{FAE04EC0-301F-11D3-BF4B-00C04F79EFBC}") = "ImageApi.Infrastructure", "Infrastructure\ImageApi.Infrastructure.csproj", "{8C6DDEE7-7544-4004-94FC-CB9811F88882}"
EndProject
Project("{FAE04EC0-301F-11D3-BF4B-00C04F79EFBC}") = "ImageApi.WebApi", "WebApi\ImageApi.WebApi.csproj", "{5AD996ED-17CF-4F53-906E-01826DC849E2}"
EndProject
Project("{FAE04EC0-301F-11D3-BF4B-00C04F79EFBC}") = "ImageApi.Core.Tests", "Core.Tests\ImageApi.Core.Tests.csproj", "{03B6FA9E-5B6A-4A20-BC73-453BDF0D5664}"
EndProject
Project("{FAE04EC0-301F-11D3-BF4B-00C04F79EFBC}") = "ImageApi.Infrastructure.Tests", "Infrastructure.Tests\ImageApi.Infrastructure.Tests.csproj", "{96537375-CE50-41A1-87CE-B2D96A024F8A}"
EndProject
Project("{FAE04EC0-301F-11D3-BF4B-00C04F79EFBC}") = "ImageApi.WebApi.Tests", "WebApi.Tests\ImageApi.WebApi.Tests.csproj", "{107B812B-11E7-4C6E-BCFC-02DB5296DE39}"
EndProject
Global
	GlobalSection(SolutionConfigurationPlatforms) = preSolution
		Debug|Any CPU = Debug|Any CPU
		Debug|x64 = Debug|x64
		Debug|x86 = Debug|x86
		Release|Any CPU = Release|Any CPU
		Release|x64 = Release|x64
		Release|x86 = Release|x86
	EndGlobalSection
	GlobalSection(SolutionProperties) = preSolution
		HideSolutionNode = FALSE
	EndGlobalSection
	GlobalSection(ProjectConfigurationPlatforms) = postSolution
		{FBDF1C73-5B86-4F67-9E04-821916074D51}.Debug|Any CPU.ActiveCfg = Debug|Any CPU
		{FBDF1C73-5B86-4F67-9E04-821916074D51}.Debug|Any CPU.Build.0 = Debug|Any CPU
		{FBDF1C73-5B86-4F67-9E04-821916074D51}.Debug|x64.ActiveCfg = Debug|Any CPU
		{FBDF1C73-5B86-4F67-9E04-821916074D51}.Debug|x64.Build.0 = Debug|Any CPU
		{FBDF1C73-5B86-4F67-9E04-821916074D51}.Debug|x86.ActiveCfg = Debug|Any CPU
		{FBDF1C73-5B86-4F67-9E04-821916074D51}.Debug|x86.Build.0 = Debug|Any CPU
		{FBDF1C73-5B86-4F67-9E04-821916074D51}.Release|Any CPU.ActiveCfg = Release|Any CPU
		{FBDF1C73-5B86-4F67-9E04-821916074D51}.Release|Any CPU.Build.0 = Release|Any CPU
		{FBDF1C73-5B86-4F67-9E04-821916074D51}.Release|x64.ActiveCfg = Release|Any CPU
		{FBDF1C73-5B86-4F67-9E04-821916074D51}.Release|x64.Build.0 = Release|Any CPU
		{FBDF1C73-5B86-4F67-9E04-821916074D51}.Release|x86.ActiveCfg = Release|Any CPU
		{FBDF1C73-5B86-4F67-9E04-821916074D51}.Release|x86.Build.0 = Release|Any CPU
		{8C6DDEE7-7544-4004-94FC-CB9811F88882}.Debug|Any CPU.ActiveCfg = Debug|Any CPU
		{8C6DDEE7-7544-4004-94FC-CB9811F88882}.Debug|Any CPU.Build.0 = Debug|Any CPU
		{8C6DDEE7-7544-4004-94FC-CB9811F88882}.Debug|x64.ActiveCfg = Debug|Any CPU
		{8C6DDEE7-7544-4004-94FC-CB9811F88882}.Debug|x64.Build.0 = Debug|Any CPU
		{8C6DDEE7-7544-4004-94FC-CB9811F88882}.Debug|x86.ActiveCfg = Debug|Any CPU
		{8C6DDEE7-7544-4004-94FC-CB9811F88882}.Debug|x86.Build.0 = Debug|Any CPU
		{8C6DDEE7-7544-4004-94FC-CB9811F88882}.Release|Any CPU.ActiveCfg = Release|Any CPU
		{8C6DDEE7-7544-4004-94FC-CB9811F88882}.Release|Any CPU.Build.0 = Release|Any CPU
		{8C6DDEE7-7544-4004-94FC-CB9811F88882}.Release|x64.ActiveCfg = Release|Any CPU
		{8C6DDEE7-7544-4004-94FC-CB9811F88882}.Release|x64.Build.0 = Release|Any CPU
		{8C6DDEE7-7544-4004-94FC-CB9811F88882}.Release|x86.ActiveCfg = Release|Any CPU
		{8C6DDEE7-7544-4004-94FC-CB9811F88882}.Release|x86.Build.0 = Release|Any CPU
		{5AD996ED-17CF-4F53-906E-01826DC849E2}.Debug|Any CPU.ActiveCfg = Debug|Any CPU
		{5AD996ED-17CF-4F53-906E-01826DC849E2}.Debug|Any CPU.Build.0 = Debug|Any CPU
		{5AD996ED-17CF-4F53-906E-01826DC849E2}.Debug|x64.ActiveCfg = Debug|Any CPU
		{5AD996ED-17CF-4F53-906E-01826DC849E2}.Debug|x64.Build.0 = Debug|Any CPU
		{5AD996ED-17CF-4F53-906E-01826DC849E2}.Debug|x86.ActiveCfg = Debug|Any CPU
		{5AD996ED-17CF-4F53-906E-01826DC849E2}.Debug|x86.Build.0 = Debug|Any CPU
		{5AD996ED-17CF-4F53-906E-01826DC849E2}.Release|Any CPU.ActiveCfg = Release|Any CPU
		{5AD996ED-17CF-4F53-906E-01826DC849E2}.Release|Any CPU.Build.0 = Release|Any CPU
		{5AD996ED-17CF-4F53-906E-01826DC849E2}.Release|x64.ActiveCfg = Release|Any CPU
		{5AD996ED-17CF-4F53-906E-01826DC849E2}.Release|x64.Build.0 = Release|Any CPU
		{5AD996ED-17CF-4F53-906E-01826DC849E2}.Release|x86.ActiveCfg = Release|Any CPU
		{5AD996ED-17CF-4F53-906E-01826DC849E2}.Release|x86.Build.0 = Release|Any CPU
		{03B6FA9E-5B6A-4A20-BC73-453BDF0D5664}.Debug|Any CPU.ActiveCfg = Debug|Any CPU
		{03B6FA9E-5B6A-4A20-BC73-453BDF0D5664}.Debug|Any CPU.Build.0 = Debug|Any CPU
		{03B6FA9E-5B6A-4A20-BC73-453BDF0D5664}.Debug|x64.ActiveCfg = Debug|Any CPU
		{03B6FA9E-5B6A-4A20-BC73-453BDF0D5664}.Debug|x64.Build.0 = Debug|Any CPU
		{03B6FA9E-5B6A-4A20-BC73-453BDF0D5664}.Debug|x86.ActiveCfg = Debug|Any CPU
		{03B6FA9E-5B6A-4A20-BC73-453BDF0D5664}.Debug|x86.Build.0 = Debug|Any CPU
		{03B6FA9E-5B6A-4A20-BC73-453BDF0D5664}.Release|Any CPU.ActiveCfg = Release|Any CPU
		{03B6FA9E-5B6A-4A20-BC73-453BDF0D5664}.Release|Any CPU.Build.0 = Release|Any CPU
		{03B6FA9E-5B6A-4A20-BC73-453BDF0D5664}.Release|x64.ActiveCfg = Release|Any CPU
		{03B6FA9E-5B6A-4A20-BC73-453BDF0D5664}.Release|x64.Build.0 = Release|Any CPU
		{03B6FA9E-5B6A-4A20-BC73-453BDF0D5664}.Release|x86.ActiveCfg = Release|Any CPU
		{03B6FA9E-5B6A-4A20-BC73-453BDF0D5664}.Release|x86.Build.0 = Release|Any CPU
		{96537375-CE50-41A1-87CE-B2D96A024F8A}.Debug|Any CPU.ActiveCfg = Debug|Any CPU
		{96537375-CE50-41A1-87CE-B2D96A024F8A}.Debug|Any CPU.Build.0 = Debug|Any CPU
		{96537375-CE50-41A1-87CE-B2D96A024F8A}.Debug|x64.ActiveCfg = Debug|Any CPU
		{96537375-CE50-41A1-87CE-B2D96A024F8A}.Debug|x64.Build.0 = Debug|Any CPU
		{96537375-CE50-41A1-87CE-B2D96A024F8A}.Debug|x86.ActiveCfg = Debug|Any CPU
		{96537375-CE50-41A1-87CE-B2D96A024F8A}.Debug|x86.Build.0 = Debug|Any CPU
		{96537375-CE50-41A1-87CE-B2D96A024F8A}.Release|Any CPU.ActiveCfg = Release|Any CPU
		{96537375-CE50-41A1-87CE-B2D96A024F8A}.Release|Any CPU.Build.0 = Release|Any CPU
		{96537375-CE50-41A1-87CE-B2D96A024F8A}.Release|x64.ActiveCfg = Release|Any CPU
		{96537375-CE50-41A1-87CE-B2D96A024F8A}.Release|x64.Build.0 = Release|Any CPU
		{96537375-CE50-41A1-87CE-B2D96A024F8A}.Release|x86.ActiveCfg = Release|Any CPU
		{96537375-CE50-41A1-87CE-B2D96A024F8A}.Release|x86.Build.0 = Release|Any CPU
		{107B812B-11E7-4C6E-BCFC-02DB5296DE39}.Debug|Any CPU.ActiveCfg = Debug|Any CPU
		{107B812B-11E7-4C6E-BCFC-02DB5296DE39}.Debug|Any CPU.Build.0 = Debug|Any CPU
		{107B812B-11E7-4C6E-BCFC-02DB5296DE39}.Debug|x64.ActiveCfg = Debug|Any CPU
		{107B812B-11E7-4C6E-BCFC-02DB5296DE39}.Debug|x64.Build.0 = Debug|Any CPU
		{107B812B-11E7-4C6E-BCFC-02DB5296DE39}.Debug|x86.ActiveCfg = Debug|Any CPU
		{107B812B-11E7-4C6E-BCFC-02DB5296DE39}.Debug|x86.Build.0 = Debug|Any CPU
		{107B812B-11E7-4C6E-BCFC-02DB5296DE39}.Release|Any CPU.ActiveCfg = Release|Any CPU
		{107B812B-11E7-4C6E-BCFC-02DB5296DE39}.Release|Any CPU.Build.0 = Release|Any CPU
		{107B812B-11E7-4C6E-BCFC-02DB5296DE39}.Release|x64.ActiveCfg = Release|Any CPU
		{107B812B-11E7-4C6E-BCFC-02DB5296DE39}.Release|x64.Build.0 = Release|Any CPU
		{107B812B-11E7-4C6E-BCFC-02DB5296DE39}.Release|x86.ActiveCfg = Release|Any CPU
		{107B812B-11E7-4C6E-BCFC-02DB5296DE39}.Release|x86.Build.0 = Release|Any CPU
	EndGlobalSection
EndGlobal
